
Microsoft Visual Studio Solution File, Format Version 12.00
# Visual Studio Version 16
VisualStudioVersion = 16.0.30413.136
MinimumVisualStudioVersion = 10.0.40219.1
Project("{FAE04EC0-301F-11D3-BF4B-00C04F79EFBC}") = "StudentCourse", "StudentCourse\StudentCourse.csproj", "{044A51DD-C278-47D6-92B7-468D1EC6AEDF}"
EndProject
Global
	GlobalSection(SolutionConfigurationPlatforms) = preSolution
		Debug|Any CPU = Debug|Any CPU
		Release|Any CPU = Release|Any CPU
	EndGlobalSection
	GlobalSection(ProjectConfigurationPlatforms) = postSolution
		{044A51DD-C278-47D6-92B7-468D1EC6AEDF}.Debug|Any CPU.ActiveCfg = Debug|Any CPU
		{044A51DD-C278-47D6-92B7-468D1EC6AEDF}.Debug|Any CPU.Build.0 = Debug|Any CPU
		{044A51DD-C278-47D6-92B7-468D1EC6AEDF}.Release|Any CPU.ActiveCfg = Release|Any CPU
		{044A51DD-C278-47D6-92B7-468D1EC6AEDF}.Release|Any CPU.Build.0 = Release|Any CPU
	EndGlobalSection
	GlobalSection(SolutionProperties) = preSolution
		HideSolutionNode = FALSE
	EndGlobalSection
	GlobalSection(ExtensibilityGlobals) = postSolution
		SolutionGuid = {0F1C87A2-9D2E-4EFC-ABF5-5C47351D5536}
	EndGlobalSection
EndGlobal
